// !$*UTF8*$!
{
	archiveVersion = 1;
	classes = {
	};
	objectVersion = 56;
	objects = {

/* Begin PBXBuildFile section */
		816E3C502B3FC82A0014745B /* CustomTitleView.swift in Sources */ = {isa = PBXBuildFile; fileRef = 816E3C4F2B3FC82A0014745B /* CustomTitleView.swift */; };
		816E3C522B3FD3AF0014745B /* MenuController.swift in Sources */ = {isa = PBXBuildFile; fileRef = 816E3C512B3FD3AF0014745B /* MenuController.swift */; };
		816E3C562B3FD49B0014745B /* Protocols.swift in Sources */ = {isa = PBXBuildFile; fileRef = 816E3C552B3FD49B0014745B /* Protocols.swift */; };
		81A4C01B2B401539006058E5 /* MenuOptionCell.swift in Sources */ = {isa = PBXBuildFile; fileRef = 81A4C0192B401539006058E5 /* MenuOptionCell.swift */; };
		81A4C01F2B401BCE006058E5 /* MenuOption.swift in Sources */ = {isa = PBXBuildFile; fileRef = 81A4C01E2B401BCE006058E5 /* MenuOption.swift */; };
		81A4C0212B406DE5006058E5 /* Extensions.swift in Sources */ = {isa = PBXBuildFile; fileRef = 81A4C0202B406DE5006058E5 /* Extensions.swift */; };
		81A4C0232B40789C006058E5 /* SettingsController.swift in Sources */ = {isa = PBXBuildFile; fileRef = 81A4C0222B40789C006058E5 /* SettingsController.swift */; };
		81A4C0252B407DDE006058E5 /* ProfileController.swift in Sources */ = {isa = PBXBuildFile; fileRef = 81A4C0242B407DDE006058E5 /* ProfileController.swift */; };
		81A4C0272B407DEE006058E5 /* InboxController.swift in Sources */ = {isa = PBXBuildFile; fileRef = 81A4C0262B407DEE006058E5 /* InboxController.swift */; };
		81A4C0292B407E04006058E5 /* NotificationsController.swift in Sources */ = {isa = PBXBuildFile; fileRef = 81A4C0282B407E04006058E5 /* NotificationsController.swift */; };
		81AA08B12B311C24009E8296 /* AppDelegate.swift in Sources */ = {isa = PBXBuildFile; fileRef = 81AA08B02B311C24009E8296 /* AppDelegate.swift */; };
		81AA08B32B311C24009E8296 /* SceneDelegate.swift in Sources */ = {isa = PBXBuildFile; fileRef = 81AA08B22B311C24009E8296 /* SceneDelegate.swift */; };
		81AA08B52B311C24009E8296 /* ViewController.swift in Sources */ = {isa = PBXBuildFile; fileRef = 81AA08B42B311C24009E8296 /* ViewController.swift */; };
		81AA08B82B311C24009E8296 /* Main.storyboard in Resources */ = {isa = PBXBuildFile; fileRef = 81AA08B62B311C24009E8296 /* Main.storyboard */; };
		81AA08BA2B311C25009E8296 /* Assets.xcassets in Resources */ = {isa = PBXBuildFile; fileRef = 81AA08B92B311C25009E8296 /* Assets.xcassets */; };
		81AA08BD2B311C25009E8296 /* LaunchScreen.storyboard in Resources */ = {isa = PBXBuildFile; fileRef = 81AA08BB2B311C25009E8296 /* LaunchScreen.storyboard */; };
		81E08B912B3A71F300EDE07C /* ContainerController.swift in Sources */ = {isa = PBXBuildFile; fileRef = 81E08B902B3A71F300EDE07C /* ContainerController.swift */; };
		81E08B932B3A72ED00EDE07C /* HomeController.swift in Sources */ = {isa = PBXBuildFile; fileRef = 81E08B922B3A72ED00EDE07C /* HomeController.swift */; };
/* End PBXBuildFile section */

/* Begin PBXFileReference section */
		816E3C4F2B3FC82A0014745B /* CustomTitleView.swift */ = {isa = PBXFileReference; lastKnownFileType = sourcecode.swift; path = CustomTitleView.swift; sourceTree = "<group>"; };
		816E3C512B3FD3AF0014745B /* MenuController.swift */ = {isa = PBXFileReference; lastKnownFileType = sourcecode.swift; path = MenuController.swift; sourceTree = "<group>"; };
		816E3C552B3FD49B0014745B /* Protocols.swift */ = {isa = PBXFileReference; lastKnownFileType = sourcecode.swift; path = Protocols.swift; sourceTree = "<group>"; };
		81A4C0192B401539006058E5 /* MenuOptionCell.swift */ = {isa = PBXFileReference; lastKnownFileType = sourcecode.swift; path = MenuOptionCell.swift; sourceTree = "<group>"; };
		81A4C01E2B401BCE006058E5 /* MenuOption.swift */ = {isa = PBXFileReference; lastKnownFileType = sourcecode.swift; path = MenuOption.swift; sourceTree = "<group>"; };
		81A4C0202B406DE5006058E5 /* Extensions.swift */ = {isa = PBXFileReference; lastKnownFileType = sourcecode.swift; path = Extensions.swift; sourceTree = "<group>"; };
		81A4C0222B40789C006058E5 /* SettingsController.swift */ = {isa = PBXFileReference; lastKnownFileType = sourcecode.swift; path = SettingsController.swift; sourceTree = "<group>"; };
		81A4C0242B407DDE006058E5 /* ProfileController.swift */ = {isa = PBXFileReference; lastKnownFileType = sourcecode.swift; path = ProfileController.swift; sourceTree = "<group>"; };
		81A4C0262B407DEE006058E5 /* InboxController.swift */ = {isa = PBXFileReference; lastKnownFileType = sourcecode.swift; path = InboxController.swift; sourceTree = "<group>"; };
		81A4C0282B407E04006058E5 /* NotificationsController.swift */ = {isa = PBXFileReference; lastKnownFileType = sourcecode.swift; path = NotificationsController.swift; sourceTree = "<group>"; };
		81AA08AD2B311C24009E8296 /* CoreGraphicsLearn.app */ = {isa = PBXFileReference; explicitFileType = wrapper.application; includeInIndex = 0; path = CoreGraphicsLearn.app; sourceTree = BUILT_PRODUCTS_DIR; };
		81AA08B02B311C24009E8296 /* AppDelegate.swift */ = {isa = PBXFileReference; lastKnownFileType = sourcecode.swift; path = AppDelegate.swift; sourceTree = "<group>"; };
		81AA08B22B311C24009E8296 /* SceneDelegate.swift */ = {isa = PBXFileReference; lastKnownFileType = sourcecode.swift; path = SceneDelegate.swift; sourceTree = "<group>"; };
		81AA08B42B311C24009E8296 /* ViewController.swift */ = {isa = PBXFileReference; lastKnownFileType = sourcecode.swift; path = ViewController.swift; sourceTree = "<group>"; };
		81AA08B72B311C24009E8296 /* Base */ = {isa = PBXFileReference; lastKnownFileType = file.storyboard; name = Base; path = Base.lproj/Main.storyboard; sourceTree = "<group>"; };
		81AA08B92B311C25009E8296 /* Assets.xcassets */ = {isa = PBXFileReference; lastKnownFileType = folder.assetcatalog; path = Assets.xcassets; sourceTree = "<group>"; };
		81AA08BC2B311C25009E8296 /* Base */ = {isa = PBXFileReference; lastKnownFileType = file.storyboard; name = Base; path = Base.lproj/LaunchScreen.storyboard; sourceTree = "<group>"; };
		81AA08BE2B311C25009E8296 /* Info.plist */ = {isa = PBXFileReference; lastKnownFileType = text.plist.xml; path = Info.plist; sourceTree = "<group>"; };
		81E08B902B3A71F300EDE07C /* ContainerController.swift */ = {isa = PBXFileReference; lastKnownFileType = sourcecode.swift; path = ContainerController.swift; sourceTree = "<group>"; };
		81E08B922B3A72ED00EDE07C /* HomeController.swift */ = {isa = PBXFileReference; lastKnownFileType = sourcecode.swift; path = HomeController.swift; sourceTree = "<group>"; };
/* End PBXFileReference section */

/* Begin PBXFrameworksBuildPhase section */
		81AA08AA2B311C24009E8296 /* Frameworks */ = {
			isa = PBXFrameworksBuildPhase;
			buildActionMask = 2147483647;
			files = (
			);
			runOnlyForDeploymentPostprocessing = 0;
		};
/* End PBXFrameworksBuildPhase section */

/* Begin PBXGroup section */
		816E3C532B3FD4730014745B /* View */ = {
			isa = PBXGroup;
			children = (
				816E3C4F2B3FC82A0014745B /* CustomTitleView.swift */,
				81A4C0192B401539006058E5 /* MenuOptionCell.swift */,
			);
			path = View;
			sourceTree = "<group>";
		};
		816E3C542B3FD4820014745B /* Utils */ = {
			isa = PBXGroup;
			children = (
				816E3C552B3FD49B0014745B /* Protocols.swift */,
				81A4C0202B406DE5006058E5 /* Extensions.swift */,
			);
			path = Utils;
			sourceTree = "<group>";
		};
		81A4C01D2B401BB5006058E5 /* Model */ = {
			isa = PBXGroup;
			children = (
				81A4C01E2B401BCE006058E5 /* MenuOption.swift */,
			);
			path = Model;
			sourceTree = "<group>";
		};
		81AA08A42B311C24009E8296 = {
			isa = PBXGroup;
			children = (
				81AA08AF2B311C24009E8296 /* CoreGraphicsLearn */,
				81AA08AE2B311C24009E8296 /* Products */,
			);
			sourceTree = "<group>";
		};
		81AA08AE2B311C24009E8296 /* Products */ = {
			isa = PBXGroup;
			children = (
				81AA08AD2B311C24009E8296 /* CoreGraphicsLearn.app */,
			);
			name = Products;
			sourceTree = "<group>";
		};
		81AA08AF2B311C24009E8296 /* CoreGraphicsLearn */ = {
			isa = PBXGroup;
			children = (
				81A4C01D2B401BB5006058E5 /* Model */,
				816E3C542B3FD4820014745B /* Utils */,
				816E3C532B3FD4730014745B /* View */,
				81E08B8F2B3A71D100EDE07C /* Controller */,
				81AA08B02B311C24009E8296 /* AppDelegate.swift */,
				81AA08B22B311C24009E8296 /* SceneDelegate.swift */,
				81AA08B42B311C24009E8296 /* ViewController.swift */,
				81AA08B62B311C24009E8296 /* Main.storyboard */,
				81AA08B92B311C25009E8296 /* Assets.xcassets */,
				81AA08BB2B311C25009E8296 /* LaunchScreen.storyboard */,
				81AA08BE2B311C25009E8296 /* Info.plist */,
			);
			path = CoreGraphicsLearn;
			sourceTree = "<group>";
		};
		81E08B8F2B3A71D100EDE07C /* Controller */ = {
			isa = PBXGroup;
			children = (
				81E08B902B3A71F300EDE07C /* ContainerController.swift */,
				81A4C0262B407DEE006058E5 /* InboxController.swift */,
				81E08B922B3A72ED00EDE07C /* HomeController.swift */,
				816E3C512B3FD3AF0014745B /* MenuController.swift */,
				81A4C0222B40789C006058E5 /* SettingsController.swift */,
				81A4C0242B407DDE006058E5 /* ProfileController.swift */,
				81A4C0282B407E04006058E5 /* NotificationsController.swift */,
			);
			path = Controller;
			sourceTree = "<group>";
		};
/* End PBXGroup section */

/* Begin PBXNativeTarget section */
		81AA08AC2B311C24009E8296 /* CoreGraphicsLearn */ = {
			isa = PBXNativeTarget;
			buildConfigurationList = 81AA08C12B311C25009E8296 /* Build configuration list for PBXNativeTarget "CoreGraphicsLearn" */;
			buildPhases = (
				81AA08A92B311C24009E8296 /* Sources */,
				81AA08AA2B311C24009E8296 /* Frameworks */,
				81AA08AB2B311C24009E8296 /* Resources */,
			);
			buildRules = (
			);
			dependencies = (
			);
			name = CoreGraphicsLearn;
			productName = CoreGraphicsLearn;
			productReference = 81AA08AD2B311C24009E8296 /* CoreGraphicsLearn.app */;
			productType = "com.apple.product-type.application";
		};
/* End PBXNativeTarget section */

/* Begin PBXProject section */
		81AA08A52B311C24009E8296 /* Project object */ = {
			isa = PBXProject;
			attributes = {
				BuildIndependentTargetsInParallel = 1;
				LastSwiftUpdateCheck = 1500;
				LastUpgradeCheck = 1500;
				TargetAttributes = {
					81AA08AC2B311C24009E8296 = {
						CreatedOnToolsVersion = 15.0.1;
					};
				};
			};
			buildConfigurationList = 81AA08A82B311C24009E8296 /* Build configuration list for PBXProject "CoreGraphicsLearn" */;
			compatibilityVersion = "Xcode 14.0";
			developmentRegion = en;
			hasScannedForEncodings = 0;
			knownRegions = (
				en,
				Base,
			);
			mainGroup = 81AA08A42B311C24009E8296;
			productRefGroup = 81AA08AE2B311C24009E8296 /* Products */;
			projectDirPath = "";
			projectRoot = "";
			targets = (
				81AA08AC2B311C24009E8296 /* CoreGraphicsLearn */,
			);
		};
/* End PBXProject section */

/* Begin PBXResourcesBuildPhase section */
		81AA08AB2B311C24009E8296 /* Resources */ = {
			isa = PBXResourcesBuildPhase;
			buildActionMask = 2147483647;
			files = (
				81AA08BD2B311C25009E8296 /* LaunchScreen.storyboard in Resources */,
				81AA08BA2B311C25009E8296 /* Assets.xcassets in Resources */,
				81AA08B82B311C24009E8296 /* Main.storyboard in Resources */,
			);
			runOnlyForDeploymentPostprocessing = 0;
		};
/* End PBXResourcesBuildPhase section */

/* Begin PBXSourcesBuildPhase section */
		81AA08A92B311C24009E8296 /* Sources */ = {
			isa = PBXSourcesBuildPhase;
			buildActionMask = 2147483647;
			files = (
				81A4C0232B40789C006058E5 /* SettingsController.swift in Sources */,
				816E3C502B3FC82A0014745B /* CustomTitleView.swift in Sources */,
				816E3C522B3FD3AF0014745B /* MenuController.swift in Sources */,
				81AA08B52B311C24009E8296 /* ViewController.swift in Sources */,
				81A4C01F2B401BCE006058E5 /* MenuOption.swift in Sources */,
				81A4C0252B407DDE006058E5 /* ProfileController.swift in Sources */,
				81AA08B12B311C24009E8296 /* AppDelegate.swift in Sources */,
				81A4C01B2B401539006058E5 /* MenuOptionCell.swift in Sources */,
				81A4C0272B407DEE006058E5 /* InboxController.swift in Sources */,
				81AA08B32B311C24009E8296 /* SceneDelegate.swift in Sources */,
				81E08B912B3A71F300EDE07C /* ContainerController.swift in Sources */,
				81E08B932B3A72ED00EDE07C /* HomeController.swift in Sources */,
				81A4C0292B407E04006058E5 /* NotificationsController.swift in Sources */,
				81A4C0212B406DE5006058E5 /* Extensions.swift in Sources */,
				816E3C562B3FD49B0014745B /* Protocols.swift in Sources */,
			);
			runOnlyForDeploymentPostprocessing = 0;
		};
/* End PBXSourcesBuildPhase section */

/* Begin PBXVariantGroup section */
		81AA08B62B311C24009E8296 /* Main.storyboard */ = {
			isa = PBXVariantGroup;
			children = (
				81AA08B72B311C24009E8296 /* Base */,
			);
			name = Main.storyboard;
			sourceTree = "<group>";
		};
		81AA08BB2B311C25009E8296 /* LaunchScreen.storyboard */ = {
			isa = PBXVariantGroup;
			children = (
				81AA08BC2B311C25009E8296 /* Base */,
			);
			name = LaunchScreen.storyboard;
			sourceTree = "<group>";
		};
/* End PBXVariantGroup section */

/* Begin XCBuildConfiguration section */
		81AA08BF2B311C25009E8296 /* Debug */ = {
			isa = XCBuildConfiguration;
			buildSettings = {
				ALWAYS_SEARCH_USER_PATHS = NO;
				ASSETCATALOG_COMPILER_GENERATE_SWIFT_ASSET_SYMBOL_EXTENSIONS = YES;
				CLANG_ANALYZER_NONNULL = YES;
				CLANG_ANALYZER_NUMBER_OBJECT_CONVERSION = YES_AGGRESSIVE;
				CLANG_CXX_LANGUAGE_STANDARD = "gnu++20";
				CLANG_ENABLE_MODULES = YES;
				CLANG_ENABLE_OBJC_ARC = YES;
				CLANG_ENABLE_OBJC_WEAK = YES;
				CLANG_WARN_BLOCK_CAPTURE_AUTORELEASING = YES;
				CLANG_WARN_BOOL_CONVERSION = YES;
				CLANG_WARN_COMMA = YES;
				CLANG_WARN_CONSTANT_CONVERSION = YES;
				CLANG_WARN_DEPRECATED_OBJC_IMPLEMENTATIONS = YES;
				CLANG_WARN_DIRECT_OBJC_ISA_USAGE = YES_ERROR;
				CLANG_WARN_DOCUMENTATION_COMMENTS = YES;
				CLANG_WARN_EMPTY_BODY = YES;
				CLANG_WARN_ENUM_CONVERSION = YES;
				CLANG_WARN_INFINITE_RECURSION = YES;
				CLANG_WARN_INT_CONVERSION = YES;
				CLANG_WARN_NON_LITERAL_NULL_CONVERSION = YES;
				CLANG_WARN_OBJC_IMPLICIT_RETAIN_SELF = YES;
				CLANG_WARN_OBJC_LITERAL_CONVERSION = YES;
				CLANG_WARN_OBJC_ROOT_CLASS = YES_ERROR;
				CLANG_WARN_QUOTED_INCLUDE_IN_FRAMEWORK_HEADER = YES;
				CLANG_WARN_RANGE_LOOP_ANALYSIS = YES;
				CLANG_WARN_STRICT_PROTOTYPES = YES;
				CLANG_WARN_SUSPICIOUS_MOVE = YES;
				CLANG_WARN_UNGUARDED_AVAILABILITY = YES_AGGRESSIVE;
				CLANG_WARN_UNREACHABLE_CODE = YES;
				CLANG_WARN__DUPLICATE_METHOD_MATCH = YES;
				COPY_PHASE_STRIP = NO;
				DEBUG_INFORMATION_FORMAT = dwarf;
				ENABLE_STRICT_OBJC_MSGSEND = YES;
				ENABLE_TESTABILITY = YES;
				ENABLE_USER_SCRIPT_SANDBOXING = YES;
				GCC_C_LANGUAGE_STANDARD = gnu17;
				GCC_DYNAMIC_NO_PIC = NO;
				GCC_NO_COMMON_BLOCKS = YES;
				GCC_OPTIMIZATION_LEVEL = 0;
				GCC_PREPROCESSOR_DEFINITIONS = (
					"DEBUG=1",
					"$(inherited)",
				);
				GCC_WARN_64_TO_32_BIT_CONVERSION = YES;
				GCC_WARN_ABOUT_RETURN_TYPE = YES_ERROR;
				GCC_WARN_UNDECLARED_SELECTOR = YES;
				GCC_WARN_UNINITIALIZED_AUTOS = YES_AGGRESSIVE;
				GCC_WARN_UNUSED_FUNCTION = YES;
				GCC_WARN_UNUSED_VARIABLE = YES;
				IPHONEOS_DEPLOYMENT_TARGET = 17.0;
				LOCALIZATION_PREFERS_STRING_CATALOGS = YES;
				MTL_ENABLE_DEBUG_INFO = INCLUDE_SOURCE;
				MTL_FAST_MATH = YES;
				ONLY_ACTIVE_ARCH = YES;
				SDKROOT = iphoneos;
				SWIFT_ACTIVE_COMPILATION_CONDITIONS = "DEBUG $(inherited)";
				SWIFT_OPTIMIZATION_LEVEL = "-Onone";
			};
			name = Debug;
		};
		81AA08C02B311C25009E8296 /* Release */ = {
			isa = XCBuildConfiguration;
			buildSettings = {
				ALWAYS_SEARCH_USER_PATHS = NO;
				ASSETCATALOG_COMPILER_GENERATE_SWIFT_ASSET_SYMBOL_EXTENSIONS = YES;
				CLANG_ANALYZER_NONNULL = YES;
				CLANG_ANALYZER_NUMBER_OBJECT_CONVERSION = YES_AGGRESSIVE;
				CLANG_CXX_LANGUAGE_STANDARD = "gnu++20";
				CLANG_ENABLE_MODULES = YES;
				CLANG_ENABLE_OBJC_ARC = YES;
				CLANG_ENABLE_OBJC_WEAK = YES;
				CLANG_WARN_BLOCK_CAPTURE_AUTORELEASING = YES;
				CLANG_WARN_BOOL_CONVERSION = YES;
				CLANG_WARN_COMMA = YES;
				CLANG_WARN_CONSTANT_CONVERSION = YES;
				CLANG_WARN_DEPRECATED_OBJC_IMPLEMENTATIONS = YES;
				CLANG_WARN_DIRECT_OBJC_ISA_USAGE = YES_ERROR;
				CLANG_WARN_DOCUMENTATION_COMMENTS = YES;
				CLANG_WARN_EMPTY_BODY = YES;
				CLANG_WARN_ENUM_CONVERSION = YES;
				CLANG_WARN_INFINITE_RECURSION = YES;
				CLANG_WARN_INT_CONVERSION = YES;
				CLANG_WARN_NON_LITERAL_NULL_CONVERSION = YES;
				CLANG_WARN_OBJC_IMPLICIT_RETAIN_SELF = YES;
				CLANG_WARN_OBJC_LITERAL_CONVERSION = YES;
				CLANG_WARN_OBJC_ROOT_CLASS = YES_ERROR;
				CLANG_WARN_QUOTED_INCLUDE_IN_FRAMEWORK_HEADER = YES;
				CLANG_WARN_RANGE_LOOP_ANALYSIS = YES;
				CLANG_WARN_STRICT_PROTOTYPES = YES;
				CLANG_WARN_SUSPICIOUS_MOVE = YES;
				CLANG_WARN_UNGUARDED_AVAILABILITY = YES_AGGRESSIVE;
				CLANG_WARN_UNREACHABLE_CODE = YES;
				CLANG_WARN__DUPLICATE_METHOD_MATCH = YES;
				COPY_PHASE_STRIP = NO;
				DEBUG_INFORMATION_FORMAT = "dwarf-with-dsym";
				ENABLE_NS_ASSERTIONS = NO;
				ENABLE_STRICT_OBJC_MSGSEND = YES;
				ENABLE_USER_SCRIPT_SANDBOXING = YES;
				GCC_C_LANGUAGE_STANDARD = gnu17;
				GCC_NO_COMMON_BLOCKS = YES;
				GCC_WARN_64_TO_32_BIT_CONVERSION = YES;
				GCC_WARN_ABOUT_RETURN_TYPE = YES_ERROR;
				GCC_WARN_UNDECLARED_SELECTOR = YES;
				GCC_WARN_UNINITIALIZED_AUTOS = YES_AGGRESSIVE;
				GCC_WARN_UNUSED_FUNCTION = YES;
				GCC_WARN_UNUSED_VARIABLE = YES;
				IPHONEOS_DEPLOYMENT_TARGET = 17.0;
				LOCALIZATION_PREFERS_STRING_CATALOGS = YES;
				MTL_ENABLE_DEBUG_INFO = NO;
				MTL_FAST_MATH = YES;
				SDKROOT = iphoneos;
				SWIFT_COMPILATION_MODE = wholemodule;
				VALIDATE_PRODUCT = YES;
			};
			name = Release;
		};
		81AA08C22B311C25009E8296 /* Debug */ = {
			isa = XCBuildConfiguration;
			buildSettings = {
				ASSETCATALOG_COMPILER_APPICON_NAME = AppIcon;
				ASSETCATALOG_COMPILER_GLOBAL_ACCENT_COLOR_NAME = AccentColor;
				CODE_SIGN_STYLE = Automatic;
				CURRENT_PROJECT_VERSION = 1;
				DEVELOPMENT_TEAM = 4CJW76Y9FL;
				GENERATE_INFOPLIST_FILE = YES;
				INFOPLIST_FILE = CoreGraphicsLearn/Info.plist;
				INFOPLIST_KEY_UIApplicationSupportsIndirectInputEvents = YES;
				INFOPLIST_KEY_UILaunchStoryboardName = LaunchScreen;
				INFOPLIST_KEY_UIMainStoryboardFile = Main;
				INFOPLIST_KEY_UISupportedInterfaceOrientations_iPad = "UIInterfaceOrientationPortrait UIInterfaceOrientationPortraitUpsideDown UIInterfaceOrientationLandscapeLeft UIInterfaceOrientationLandscapeRight";
				INFOPLIST_KEY_UISupportedInterfaceOrientations_iPhone = "UIInterfaceOrientationPortrait UIInterfaceOrientationLandscapeLeft UIInterfaceOrientationLandscapeRight";
				LD_RUNPATH_SEARCH_PATHS = (
					"$(inherited)",
					"@executable_path/Frameworks",
				);
				MARKETING_VERSION = 1.0;
				PRODUCT_BUNDLE_IDENTIFIER = Sahil.Amrut.Agashe.com.CoreGraphicsLearn;
				PRODUCT_NAME = "$(TARGET_NAME)";
				SWIFT_EMIT_LOC_STRINGS = YES;
				SWIFT_VERSION = 5.0;
				TARGETED_DEVICE_FAMILY = "1,2";
			};
			name = Debug;
		};
		81AA08C32B311C25009E8296 /* Release */ = {
			isa = XCBuildConfiguration;
			buildSettings = {
				ASSETCATALOG_COMPILER_APPICON_NAME = AppIcon;
				ASSETCATALOG_COMPILER_GLOBAL_ACCENT_COLOR_NAME = AccentColor;
				CODE_SIGN_STYLE = Automatic;
				CURRENT_PROJECT_VERSION = 1;
				DEVELOPMENT_TEAM = 4CJW76Y9FL;
				GENERATE_INFOPLIST_FILE = YES;
				INFOPLIST_FILE = CoreGraphicsLearn/Info.plist;
				INFOPLIST_KEY_UIApplicationSupportsIndirectInputEvents = YES;
				INFOPLIST_KEY_UILaunchStoryboardName = LaunchScreen;
				INFOPLIST_KEY_UIMainStoryboardFile = Main;
				INFOPLIST_KEY_UISupportedInterfaceOrientations_iPad = "UIInterfaceOrientationPortrait UIInterfaceOrientationPortraitUpsideDown UIInterfaceOrientationLandscapeLeft UIInterfaceOrientationLandscapeRight";
				INFOPLIST_KEY_UISupportedInterfaceOrientations_iPhone = "UIInterfaceOrientationPortrait UIInterfaceOrientationLandscapeLeft UIInterfaceOrientationLandscapeRight";
				LD_RUNPATH_SEARCH_PATHS = (
					"$(inherited)",
					"@executable_path/Frameworks",
				);
				MARKETING_VERSION = 1.0;
				PRODUCT_BUNDLE_IDENTIFIER = Sahil.Amrut.Agashe.com.CoreGraphicsLearn;
				PRODUCT_NAME = "$(TARGET_NAME)";
				SWIFT_EMIT_LOC_STRINGS = YES;
				SWIFT_VERSION = 5.0;
				TARGETED_DEVICE_FAMILY = "1,2";
			};
			name = Release;
		};
/* End XCBuildConfiguration section */

/* Begin XCConfigurationList section */
		81AA08A82B311C24009E8296 /* Build configuration list for PBXProject "CoreGraphicsLearn" */ = {
			isa = XCConfigurationList;
			buildConfigurations = (
				81AA08BF2B311C25009E8296 /* Debug */,
				81AA08C02B311C25009E8296 /* Release */,
			);
			defaultConfigurationIsVisible = 0;
			defaultConfigurationName = Release;
		};
		81AA08C12B311C25009E8296 /* Build configuration list for PBXNativeTarget "CoreGraphicsLearn" */ = {
			isa = XCConfigurationList;
			buildConfigurations = (
				81AA08C22B311C25009E8296 /* Debug */,
				81AA08C32B311C25009E8296 /* Release */,
			);
			defaultConfigurationIsVisible = 0;
			defaultConfigurationName = Release;
		};
/* End XCConfigurationList section */
	};
	rootObject = 81AA08A52B311C24009E8296 /* Project object */;
}
